
Microsoft Visual Studio Solution File, Format Version 12.00
# Visual Studio 2012
Project("{FAE04EC0-301F-11D3-BF4B-00C04F79EFBC}") = "ServiceStackService", "ServiceStackService\ServiceStackService.csproj", "{F41147B5-2C9D-4736-A3CD-045F75B7B360}"
EndProject
Project("{FAE04EC0-301F-11D3-BF4B-00C04F79EFBC}") = "ServiceStackClient", "ServiceStackClient\ServiceStackClient.csproj", "{3E55575B-7FCD-4DED-A923-A831CF182610}"
EndProject
Global
	GlobalSection(SolutionConfigurationPlatforms) = preSolution
		Debug|Any CPU = Debug|Any CPU
		Release|Any CPU = Release|Any CPU
	EndGlobalSection
	GlobalSection(ProjectConfigurationPlatforms) = postSolution
		{F41147B5-2C9D-4736-A3CD-045F75B7B360}.Debug|Any CPU.ActiveCfg = Debug|Any CPU
		{F41147B5-2C9D-4736-A3CD-045F75B7B360}.Debug|Any CPU.Build.0 = Debug|Any CPU
		{F41147B5-2C9D-4736-A3CD-045F75B7B360}.Release|Any CPU.ActiveCfg = Release|Any CPU
		{F41147B5-2C9D-4736-A3CD-045F75B7B360}.Release|Any CPU.Build.0 = Release|Any CPU
		{3E55575B-7FCD-4DED-A923-A831CF182610}.Debug|Any CPU.ActiveCfg = Debug|Any CPU
		{3E55575B-7FCD-4DED-A923-A831CF182610}.Debug|Any CPU.Build.0 = Debug|Any CPU
		{3E55575B-7FCD-4DED-A923-A831CF182610}.Release|Any CPU.ActiveCfg = Release|Any CPU
		{3E55575B-7FCD-4DED-A923-A831CF182610}.Release|Any CPU.Build.0 = Release|Any CPU
	EndGlobalSection
	GlobalSection(SolutionProperties) = preSolution
		HideSolutionNode = FALSE
	EndGlobalSection
EndGlobal
